
Microsoft Visual Studio Solution File, Format Version 12.00
# Visual Studio Version 17
VisualStudioVersion = 17.4.33403.182
MinimumVisualStudioVersion = 10.0.40219.1
Project("{F184B08F-C81C-45F6-A57F-5ABD9991F28F}") = "Two Dimensional Arrays", "Two Dimensional Arrays.vbproj", "{FBC352A0-DD2F-4F08-BE54-F06473829CE6}"
EndProject
Global
	GlobalSection(SolutionConfigurationPlatforms) = preSolution
		Debug|Any CPU = Debug|Any CPU
		Release|Any CPU = Release|Any CPU
	EndGlobalSection
	GlobalSection(ProjectConfigurationPlatforms) = postSolution
		{FBC352A0-DD2F-4F08-BE54-F06473829CE6}.Debug|Any CPU.ActiveCfg = Debug|Any CPU
		{FBC352A0-DD2F-4F08-BE54-F06473829CE6}.Debug|Any CPU.Build.0 = Debug|Any CPU
		{FBC352A0-DD2F-4F08-BE54-F06473829CE6}.Release|Any CPU.ActiveCfg = Release|Any CPU
		{FBC352A0-DD2F-4F08-BE54-F06473829CE6}.Release|Any CPU.Build.0 = Release|Any CPU
	EndGlobalSection
	GlobalSection(SolutionProperties) = preSolution
		HideSolutionNode = FALSE
	EndGlobalSection
	GlobalSection(ExtensibilityGlobals) = postSolution
		SolutionGuid = {79F94453-9752-4823-A93F-54888E122726}
	EndGlobalSection
EndGlobal
